
Microsoft Visual Studio Solution File, Format Version 12.00
# Visual Studio Version 16
VisualStudioVersion = 16.0.30907.101
MinimumVisualStudioVersion = 10.0.40219.1
Project("{FAE04EC0-301F-11D3-BF4B-00C04F79EFBC}") = "CCTV1", "CCTV1\CCTV1.csproj", "{61D88F53-6A63-44C6-89A3-3D93A3913E37}"
EndProject
Global
	GlobalSection(SolutionConfigurationPlatforms) = preSolution
		Debug|Any CPU = Debug|Any CPU
		Release|Any CPU = Release|Any CPU
	EndGlobalSection
	GlobalSection(ProjectConfigurationPlatforms) = postSolution
		{61D88F53-6A63-44C6-89A3-3D93A3913E37}.Debug|Any CPU.ActiveCfg = Debug|Any CPU
		{61D88F53-6A63-44C6-89A3-3D93A3913E37}.Debug|Any CPU.Build.0 = Debug|Any CPU
		{61D88F53-6A63-44C6-89A3-3D93A3913E37}.Release|Any CPU.ActiveCfg = Release|Any CPU
		{61D88F53-6A63-44C6-89A3-3D93A3913E37}.Release|Any CPU.Build.0 = Release|Any CPU
	EndGlobalSection
	GlobalSection(SolutionProperties) = preSolution
		HideSolutionNode = FALSE
	EndGlobalSection
	GlobalSection(ExtensibilityGlobals) = postSolution
		SolutionGuid = {07D1E3C0-5A21-4A1D-8183-E23C307A5BB1}
	EndGlobalSection
EndGlobal
